// !$*UTF8*$!
{
	archiveVersion = 1;
	classes = {
	};
	objectVersion = 55;
	objects = {

/* Begin PBXBuildFile section */
		672C5CE528B71DEC00D03F6B /* mainGameMVVM.swift in Sources */ = {isa = PBXBuildFile; fileRef = 672C5CE428B71DEC00D03F6B /* mainGameMVVM.swift */; };
		672C5CE728B71DF800D03F6B /* mainGame.swift in Sources */ = {isa = PBXBuildFile; fileRef = 672C5CE628B71DF800D03F6B /* mainGame.swift */; };
		67A15CF728B70C28002EE942 /* _InLineApp.swift in Sources */ = {isa = PBXBuildFile; fileRef = 67A15CF628B70C28002EE942 /* _InLineApp.swift */; };
		67A15CF928B70C28002EE942 /* ContentView.swift in Sources */ = {isa = PBXBuildFile; fileRef = 67A15CF828B70C28002EE942 /* ContentView.swift */; };
		67A15CFB28B70C28002EE942 /* Assets.xcassets in Resources */ = {isa = PBXBuildFile; fileRef = 67A15CFA28B70C28002EE942 /* Assets.xcassets */; };
		67A15CFE28B70C28002EE942 /* Preview Assets.xcassets in Resources */ = {isa = PBXBuildFile; fileRef = 67A15CFD28B70C28002EE942 /* Preview Assets.xcassets */; };
		67A15D0828B70C29002EE942 /* _InLineTests.swift in Sources */ = {isa = PBXBuildFile; fileRef = 67A15D0728B70C29002EE942 /* _InLineTests.swift */; };
		67A15D1228B70C29002EE942 /* _InLineUITests.swift in Sources */ = {isa = PBXBuildFile; fileRef = 67A15D1128B70C29002EE942 /* _InLineUITests.swift */; };
		67A15D1428B70C29002EE942 /* _InLineUITestsLaunchTests.swift in Sources */ = {isa = PBXBuildFile; fileRef = 67A15D1328B70C29002EE942 /* _InLineUITestsLaunchTests.swift */; };
		67B447C028B70F5F0039EFA2 /* gameStruct.swift in Sources */ = {isa = PBXBuildFile; fileRef = 67B447BF28B70F5F0039EFA2 /* gameStruct.swift */; };
/* End PBXBuildFile section */

/* Begin PBXContainerItemProxy section */
		67A15D0428B70C29002EE942 /* PBXContainerItemProxy */ = {
			isa = PBXContainerItemProxy;
			containerPortal = 67A15CEB28B70C28002EE942 /* Project object */;
			proxyType = 1;
			remoteGlobalIDString = 67A15CF228B70C28002EE942;
			remoteInfo = 4InLine;
		};
		67A15D0E28B70C29002EE942 /* PBXContainerItemProxy */ = {
			isa = PBXContainerItemProxy;
			containerPortal = 67A15CEB28B70C28002EE942 /* Project object */;
			proxyType = 1;
			remoteGlobalIDString = 67A15CF228B70C28002EE942;
			remoteInfo = 4InLine;
		};
/* End PBXContainerItemProxy section */

/* Begin PBXFileReference section */
		672C5CE428B71DEC00D03F6B /* mainGameMVVM.swift */ = {isa = PBXFileReference; lastKnownFileType = sourcecode.swift; path = mainGameMVVM.swift; sourceTree = "<group>"; };
		672C5CE628B71DF800D03F6B /* mainGame.swift */ = {isa = PBXFileReference; lastKnownFileType = sourcecode.swift; path = mainGame.swift; sourceTree = "<group>"; };
		67A15CF328B70C28002EE942 /* 4InLine.app */ = {isa = PBXFileReference; explicitFileType = wrapper.application; includeInIndex = 0; path = 4InLine.app; sourceTree = BUILT_PRODUCTS_DIR; };
		67A15CF628B70C28002EE942 /* _InLineApp.swift */ = {isa = PBXFileReference; lastKnownFileType = sourcecode.swift; path = _InLineApp.swift; sourceTree = "<group>"; };
		67A15CF828B70C28002EE942 /* ContentView.swift */ = {isa = PBXFileReference; lastKnownFileType = sourcecode.swift; path = ContentView.swift; sourceTree = "<group>"; };
		67A15CFA28B70C28002EE942 /* Assets.xcassets */ = {isa = PBXFileReference; lastKnownFileType = folder.assetcatalog; path = Assets.xcassets; sourceTree = "<group>"; };
		67A15CFD28B70C28002EE942 /* Preview Assets.xcassets */ = {isa = PBXFileReference; lastKnownFileType = folder.assetcatalog; path = "Preview Assets.xcassets"; sourceTree = "<group>"; };
		67A15D0328B70C29002EE942 /* 4InLineTests.xctest */ = {isa = PBXFileReference; explicitFileType = wrapper.cfbundle; includeInIndex = 0; path = 4InLineTests.xctest; sourceTree = BUILT_PRODUCTS_DIR; };
		67A15D0728B70C29002EE942 /* _InLineTests.swift */ = {isa = PBXFileReference; lastKnownFileType = sourcecode.swift; path = _InLineTests.swift; sourceTree = "<group>"; };
		67A15D0D28B70C29002EE942 /* 4InLineUITests.xctest */ = {isa = PBXFileReference; explicitFileType = wrapper.cfbundle; includeInIndex = 0; path = 4InLineUITests.xctest; sourceTree = BUILT_PRODUCTS_DIR; };
		67A15D1128B70C29002EE942 /* _InLineUITests.swift */ = {isa = PBXFileReference; lastKnownFileType = sourcecode.swift; path = _InLineUITests.swift; sourceTree = "<group>"; };
		67A15D1328B70C29002EE942 /* _InLineUITestsLaunchTests.swift */ = {isa = PBXFileReference; lastKnownFileType = sourcecode.swift; path = _InLineUITestsLaunchTests.swift; sourceTree = "<group>"; };
		67B447BF28B70F5F0039EFA2 /* gameStruct.swift */ = {isa = PBXFileReference; lastKnownFileType = sourcecode.swift; path = gameStruct.swift; sourceTree = "<group>"; };
		67B447C128B711CB0039EFA2 /* test.playground */ = {isa = PBXFileReference; lastKnownFileType = file.playground; path = test.playground; sourceTree = "<group>"; xcLanguageSpecificationIdentifier = xcode.lang.swift; };
/* End PBXFileReference section */

/* Begin PBXFrameworksBuildPhase section */
		67A15CF028B70C28002EE942 /* Frameworks */ = {
			isa = PBXFrameworksBuildPhase;
			buildActionMask = 2147483647;
			files = (
			);
			runOnlyForDeploymentPostprocessing = 0;
		};
		67A15D0028B70C29002EE942 /* Frameworks */ = {
			isa = PBXFrameworksBuildPhase;
			buildActionMask = 2147483647;
			files = (
			);
			runOnlyForDeploymentPostprocessing = 0;
		};
		67A15D0A28B70C29002EE942 /* Frameworks */ = {
			isa = PBXFrameworksBuildPhase;
			buildActionMask = 2147483647;
			files = (
			);
			runOnlyForDeploymentPostprocessing = 0;
		};
/* End PBXFrameworksBuildPhase section */

/* Begin PBXGroup section */
		672C5CE328B71DC800D03F6B /* mainGame */ = {
			isa = PBXGroup;
			children = (
				672C5CE428B71DEC00D03F6B /* mainGameMVVM.swift */,
				672C5CE628B71DF800D03F6B /* mainGame.swift */,
			);
			path = mainGame;
			sourceTree = "<group>";
		};
		67A15CEA28B70C28002EE942 = {
			isa = PBXGroup;
			children = (
				67A15CF528B70C28002EE942 /* 4InLine */,
				67A15D0628B70C29002EE942 /* 4InLineTests */,
				67A15D1028B70C29002EE942 /* 4InLineUITests */,
				67A15CF428B70C28002EE942 /* Products */,
			);
			sourceTree = "<group>";
		};
		67A15CF428B70C28002EE942 /* Products */ = {
			isa = PBXGroup;
			children = (
				67A15CF328B70C28002EE942 /* 4InLine.app */,
				67A15D0328B70C29002EE942 /* 4InLineTests.xctest */,
				67A15D0D28B70C29002EE942 /* 4InLineUITests.xctest */,
			);
			name = Products;
			sourceTree = "<group>";
		};
		67A15CF528B70C28002EE942 /* 4InLine */ = {
			isa = PBXGroup;
			children = (
				672C5CE328B71DC800D03F6B /* mainGame */,
				67A15CF628B70C28002EE942 /* _InLineApp.swift */,
				67A15CF828B70C28002EE942 /* ContentView.swift */,
				67A15CFA28B70C28002EE942 /* Assets.xcassets */,
				67A15CFC28B70C28002EE942 /* Preview Content */,
				67B447BF28B70F5F0039EFA2 /* gameStruct.swift */,
				67B447C128B711CB0039EFA2 /* test.playground */,
			);
			path = 4InLine;
			sourceTree = "<group>";
		};
		67A15CFC28B70C28002EE942 /* Preview Content */ = {
			isa = PBXGroup;
			children = (
				67A15CFD28B70C28002EE942 /* Preview Assets.xcassets */,
			);
			path = "Preview Content";
			sourceTree = "<group>";
		};
		67A15D0628B70C29002EE942 /* 4InLineTests */ = {
			isa = PBXGroup;
			children = (
				67A15D0728B70C29002EE942 /* _InLineTests.swift */,
			);
			path = 4InLineTests;
			sourceTree = "<group>";
		};
		67A15D1028B70C29002EE942 /* 4InLineUITests */ = {
			isa = PBXGroup;
			children = (
				67A15D1128B70C29002EE942 /* _InLineUITests.swift */,
				67A15D1328B70C29002EE942 /* _InLineUITestsLaunchTests.swift */,
			);
			path = 4InLineUITests;
			sourceTree = "<group>";
		};
/* End PBXGroup section */

/* Begin PBXNativeTarget section */
		67A15CF228B70C28002EE942 /* 4InLine */ = {
			isa = PBXNativeTarget;
			buildConfigurationList = 67A15D1728B70C29002EE942 /* Build configuration list for PBXNativeTarget "4InLine" */;
			buildPhases = (
				67A15CEF28B70C28002EE942 /* Sources */,
				67A15CF028B70C28002EE942 /* Frameworks */,
				67A15CF128B70C28002EE942 /* Resources */,
			);
			buildRules = (
			);
			dependencies = (
			);
			name = 4InLine;
			productName = 4InLine;
			productReference = 67A15CF328B70C28002EE942 /* 4InLine.app */;
			productType = "com.apple.product-type.application";
		};
		67A15D0228B70C29002EE942 /* 4InLineTests */ = {
			isa = PBXNativeTarget;
			buildConfigurationList = 67A15D1A28B70C29002EE942 /* Build configuration list for PBXNativeTarget "4InLineTests" */;
			buildPhases = (
				67A15CFF28B70C29002EE942 /* Sources */,
				67A15D0028B70C29002EE942 /* Frameworks */,
				67A15D0128B70C29002EE942 /* Resources */,
			);
			buildRules = (
			);
			dependencies = (
				67A15D0528B70C29002EE942 /* PBXTargetDependency */,
			);
			name = 4InLineTests;
			productName = 4InLineTests;
			productReference = 67A15D0328B70C29002EE942 /* 4InLineTests.xctest */;
			productType = "com.apple.product-type.bundle.unit-test";
		};
		67A15D0C28B70C29002EE942 /* 4InLineUITests */ = {
			isa = PBXNativeTarget;
			buildConfigurationList = 67A15D1D28B70C29002EE942 /* Build configuration list for PBXNativeTarget "4InLineUITests" */;
			buildPhases = (
				67A15D0928B70C29002EE942 /* Sources */,
				67A15D0A28B70C29002EE942 /* Frameworks */,
				67A15D0B28B70C29002EE942 /* Resources */,
			);
			buildRules = (
			);
			dependencies = (
				67A15D0F28B70C29002EE942 /* PBXTargetDependency */,
			);
			name = 4InLineUITests;
			productName = 4InLineUITests;
			productReference = 67A15D0D28B70C29002EE942 /* 4InLineUITests.xctest */;
			productType = "com.apple.product-type.bundle.ui-testing";
		};
/* End PBXNativeTarget section */

/* Begin PBXProject section */
		67A15CEB28B70C28002EE942 /* Project object */ = {
			isa = PBXProject;
			attributes = {
				BuildIndependentTargetsInParallel = 1;
				LastSwiftUpdateCheck = 1340;
				LastUpgradeCheck = 1340;
				TargetAttributes = {
					67A15CF228B70C28002EE942 = {
						CreatedOnToolsVersion = 13.4.1;
					};
					67A15D0228B70C29002EE942 = {
						CreatedOnToolsVersion = 13.4.1;
						TestTargetID = 67A15CF228B70C28002EE942;
					};
					67A15D0C28B70C29002EE942 = {
						CreatedOnToolsVersion = 13.4.1;
						TestTargetID = 67A15CF228B70C28002EE942;
					};
				};
			};
			buildConfigurationList = 67A15CEE28B70C28002EE942 /* Build configuration list for PBXProject "4InLine" */;
			compatibilityVersion = "Xcode 13.0";
			developmentRegion = en;
			hasScannedForEncodings = 0;
			knownRegions = (
				en,
				Base,
			);
			mainGroup = 67A15CEA28B70C28002EE942;
			productRefGroup = 67A15CF428B70C28002EE942 /* Products */;
			projectDirPath = "";
			projectRoot = "";
			targets = (
				67A15CF228B70C28002EE942 /* 4InLine */,
				67A15D0228B70C29002EE942 /* 4InLineTests */,
				67A15D0C28B70C29002EE942 /* 4InLineUITests */,
			);
		};
/* End PBXProject section */

/* Begin PBXResourcesBuildPhase section */
		67A15CF128B70C28002EE942 /* Resources */ = {
			isa = PBXResourcesBuildPhase;
			buildActionMask = 2147483647;
			files = (
				67A15CFE28B70C28002EE942 /* Preview Assets.xcassets in Resources */,
				67A15CFB28B70C28002EE942 /* Assets.xcassets in Resources */,
			);
			runOnlyForDeploymentPostprocessing = 0;
		};
		67A15D0128B70C29002EE942 /* Resources */ = {
			isa = PBXResourcesBuildPhase;
			buildActionMask = 2147483647;
			files = (
			);
			runOnlyForDeploymentPostprocessing = 0;
		};
		67A15D0B28B70C29002EE942 /* Resources */ = {
			isa = PBXResourcesBuildPhase;
			buildActionMask = 2147483647;
			files = (
			);
			runOnlyForDeploymentPostprocessing = 0;
		};
/* End PBXResourcesBuildPhase section */

/* Begin PBXSourcesBuildPhase section */
		67A15CEF28B70C28002EE942 /* Sources */ = {
			isa = PBXSourcesBuildPhase;
			buildActionMask = 2147483647;
			files = (
				67A15CF928B70C28002EE942 /* ContentView.swift in Sources */,
				67B447C028B70F5F0039EFA2 /* gameStruct.swift in Sources */,
				672C5CE528B71DEC00D03F6B /* mainGameMVVM.swift in Sources */,
				672C5CE728B71DF800D03F6B /* mainGame.swift in Sources */,
				67A15CF728B70C28002EE942 /* _InLineApp.swift in Sources */,
			);
			runOnlyForDeploymentPostprocessing = 0;
		};
		67A15CFF28B70C29002EE942 /* Sources */ = {
			isa = PBXSourcesBuildPhase;
			buildActionMask = 2147483647;
			files = (
				67A15D0828B70C29002EE942 /* _InLineTests.swift in Sources */,
			);
			runOnlyForDeploymentPostprocessing = 0;
		};
		67A15D0928B70C29002EE942 /* Sources */ = {
			isa = PBXSourcesBuildPhase;
			buildActionMask = 2147483647;
			files = (
				67A15D1228B70C29002EE942 /* _InLineUITests.swift in Sources */,
				67A15D1428B70C29002EE942 /* _InLineUITestsLaunchTests.swift in Sources */,
			);
			runOnlyForDeploymentPostprocessing = 0;
		};
/* End PBXSourcesBuildPhase section */

/* Begin PBXTargetDependency section */
		67A15D0528B70C29002EE942 /* PBXTargetDependency */ = {
			isa = PBXTargetDependency;
			target = 67A15CF228B70C28002EE942 /* 4InLine */;
			targetProxy = 67A15D0428B70C29002EE942 /* PBXContainerItemProxy */;
		};
		67A15D0F28B70C29002EE942 /* PBXTargetDependency */ = {
			isa = PBXTargetDependency;
			target = 67A15CF228B70C28002EE942 /* 4InLine */;
			targetProxy = 67A15D0E28B70C29002EE942 /* PBXContainerItemProxy */;
		};
/* End PBXTargetDependency section */

/* Begin XCBuildConfiguration section */
		67A15D1528B70C29002EE942 /* Debug */ = {
			isa = XCBuildConfiguration;
			buildSettings = {
				ALWAYS_SEARCH_USER_PATHS = NO;
				CLANG_ANALYZER_NONNULL = YES;
				CLANG_ANALYZER_NUMBER_OBJECT_CONVERSION = YES_AGGRESSIVE;
				CLANG_CXX_LANGUAGE_STANDARD = "gnu++17";
				CLANG_ENABLE_MODULES = YES;
				CLANG_ENABLE_OBJC_ARC = YES;
				CLANG_ENABLE_OBJC_WEAK = YES;
				CLANG_WARN_BLOCK_CAPTURE_AUTORELEASING = YES;
				CLANG_WARN_BOOL_CONVERSION = YES;
				CLANG_WARN_COMMA = YES;
				CLANG_WARN_CONSTANT_CONVERSION = YES;
				CLANG_WARN_DEPRECATED_OBJC_IMPLEMENTATIONS = YES;
				CLANG_WARN_DIRECT_OBJC_ISA_USAGE = YES_ERROR;
				CLANG_WARN_DOCUMENTATION_COMMENTS = YES;
				CLANG_WARN_EMPTY_BODY = YES;
				CLANG_WARN_ENUM_CONVERSION = YES;
				CLANG_WARN_INFINITE_RECURSION = YES;
				CLANG_WARN_INT_CONVERSION = YES;
				CLANG_WARN_NON_LITERAL_NULL_CONVERSION = YES;
				CLANG_WARN_OBJC_IMPLICIT_RETAIN_SELF = YES;
				CLANG_WARN_OBJC_LITERAL_CONVERSION = YES;
				CLANG_WARN_OBJC_ROOT_CLASS = YES_ERROR;
				CLANG_WARN_QUOTED_INCLUDE_IN_FRAMEWORK_HEADER = YES;
				CLANG_WARN_RANGE_LOOP_ANALYSIS = YES;
				CLANG_WARN_STRICT_PROTOTYPES = YES;
				CLANG_WARN_SUSPICIOUS_MOVE = YES;
				CLANG_WARN_UNGUARDED_AVAILABILITY = YES_AGGRESSIVE;
				CLANG_WARN_UNREACHABLE_CODE = YES;
				CLANG_WARN__DUPLICATE_METHOD_MATCH = YES;
				COPY_PHASE_STRIP = NO;
				DEBUG_INFORMATION_FORMAT = dwarf;
				ENABLE_STRICT_OBJC_MSGSEND = YES;
				ENABLE_TESTABILITY = YES;
				GCC_C_LANGUAGE_STANDARD = gnu11;
				GCC_DYNAMIC_NO_PIC = NO;
				GCC_NO_COMMON_BLOCKS = YES;
				GCC_OPTIMIZATION_LEVEL = 0;
				GCC_PREPROCESSOR_DEFINITIONS = (
					"DEBUG=1",
					"$(inherited)",
				);
				GCC_WARN_64_TO_32_BIT_CONVERSION = YES;
				GCC_WARN_ABOUT_RETURN_TYPE = YES_ERROR;
				GCC_WARN_UNDECLARED_SELECTOR = YES;
				GCC_WARN_UNINITIALIZED_AUTOS = YES_AGGRESSIVE;
				GCC_WARN_UNUSED_FUNCTION = YES;
				GCC_WARN_UNUSED_VARIABLE = YES;
				IPHONEOS_DEPLOYMENT_TARGET = 15.5;
				MTL_ENABLE_DEBUG_INFO = INCLUDE_SOURCE;
				MTL_FAST_MATH = YES;
				ONLY_ACTIVE_ARCH = YES;
				SDKROOT = iphoneos;
				SWIFT_ACTIVE_COMPILATION_CONDITIONS = DEBUG;
				SWIFT_OPTIMIZATION_LEVEL = "-Onone";
			};
			name = Debug;
		};
		67A15D1628B70C29002EE942 /* Release */ = {
			isa = XCBuildConfiguration;
			buildSettings = {
				ALWAYS_SEARCH_USER_PATHS = NO;
				CLANG_ANALYZER_NONNULL = YES;
				CLANG_ANALYZER_NUMBER_OBJECT_CONVERSION = YES_AGGRESSIVE;
				CLANG_CXX_LANGUAGE_STANDARD = "gnu++17";
				CLANG_ENABLE_MODULES = YES;
				CLANG_ENABLE_OBJC_ARC = YES;
				CLANG_ENABLE_OBJC_WEAK = YES;
				CLANG_WARN_BLOCK_CAPTURE_AUTORELEASING = YES;
				CLANG_WARN_BOOL_CONVERSION = YES;
				CLANG_WARN_COMMA = YES;
				CLANG_WARN_CONSTANT_CONVERSION = YES;
				CLANG_WARN_DEPRECATED_OBJC_IMPLEMENTATIONS = YES;
				CLANG_WARN_DIRECT_OBJC_ISA_USAGE = YES_ERROR;
				CLANG_WARN_DOCUMENTATION_COMMENTS = YES;
				CLANG_WARN_EMPTY_BODY = YES;
				CLANG_WARN_ENUM_CONVERSION = YES;
				CLANG_WARN_INFINITE_RECURSION = YES;
				CLANG_WARN_INT_CONVERSION = YES;
				CLANG_WARN_NON_LITERAL_NULL_CONVERSION = YES;
				CLANG_WARN_OBJC_IMPLICIT_RETAIN_SELF = YES;
				CLANG_WARN_OBJC_LITERAL_CONVERSION = YES;
				CLANG_WARN_OBJC_ROOT_CLASS = YES_ERROR;
				CLANG_WARN_QUOTED_INCLUDE_IN_FRAMEWORK_HEADER = YES;
				CLANG_WARN_RANGE_LOOP_ANALYSIS = YES;
				CLANG_WARN_STRICT_PROTOTYPES = YES;
				CLANG_WARN_SUSPICIOUS_MOVE = YES;
				CLANG_WARN_UNGUARDED_AVAILABILITY = YES_AGGRESSIVE;
				CLANG_WARN_UNREACHABLE_CODE = YES;
				CLANG_WARN__DUPLICATE_METHOD_MATCH = YES;
				COPY_PHASE_STRIP = NO;
				DEBUG_INFORMATION_FORMAT = "dwarf-with-dsym";
				ENABLE_NS_ASSERTIONS = NO;
				ENABLE_STRICT_OBJC_MSGSEND = YES;
				GCC_C_LANGUAGE_STANDARD = gnu11;
				GCC_NO_COMMON_BLOCKS = YES;
				GCC_WARN_64_TO_32_BIT_CONVERSION = YES;
				GCC_WARN_ABOUT_RETURN_TYPE = YES_ERROR;
				GCC_WARN_UNDECLARED_SELECTOR = YES;
				GCC_WARN_UNINITIALIZED_AUTOS = YES_AGGRESSIVE;
				GCC_WARN_UNUSED_FUNCTION = YES;
				GCC_WARN_UNUSED_VARIABLE = YES;
				IPHONEOS_DEPLOYMENT_TARGET = 15.5;
				MTL_ENABLE_DEBUG_INFO = NO;
				MTL_FAST_MATH = YES;
				SDKROOT = iphoneos;
				SWIFT_COMPILATION_MODE = wholemodule;
				SWIFT_OPTIMIZATION_LEVEL = "-O";
				VALIDATE_PRODUCT = YES;
			};
			name = Release;
		};
		67A15D1828B70C29002EE942 /* Debug */ = {
			isa = XCBuildConfiguration;
			buildSettings = {
				ASSETCATALOG_COMPILER_APPICON_NAME = AppIcon;
				ASSETCATALOG_COMPILER_GLOBAL_ACCENT_COLOR_NAME = AccentColor;
				CODE_SIGN_STYLE = Automatic;
				CURRENT_PROJECT_VERSION = 1;
				DEVELOPMENT_ASSET_PATHS = "\"4InLine/Preview Content\"";
				DEVELOPMENT_TEAM = 495737228M;
				ENABLE_PREVIEWS = YES;
				GENERATE_INFOPLIST_FILE = YES;
				INFOPLIST_KEY_UIApplicationSceneManifest_Generation = YES;
				INFOPLIST_KEY_UIApplicationSupportsIndirectInputEvents = YES;
				INFOPLIST_KEY_UILaunchScreen_Generation = YES;
				INFOPLIST_KEY_UISupportedInterfaceOrientations_iPad = "UIInterfaceOrientationPortrait UIInterfaceOrientationPortraitUpsideDown UIInterfaceOrientationLandscapeLeft UIInterfaceOrientationLandscapeRight";
				INFOPLIST_KEY_UISupportedInterfaceOrientations_iPhone = "UIInterfaceOrientationPortrait UIInterfaceOrientationLandscapeLeft UIInterfaceOrientationLandscapeRight";
				LD_RUNPATH_SEARCH_PATHS = (
					"$(inherited)",
					"@executable_path/Frameworks",
				);
				MARKETING_VERSION = 1.0;
				PRODUCT_BUNDLE_IDENTIFIER = "emmanuel.zambrano.-InLine";
				PRODUCT_NAME = "$(TARGET_NAME)";
				SWIFT_EMIT_LOC_STRINGS = YES;
				SWIFT_VERSION = 5.0;
				TARGETED_DEVICE_FAMILY = "1,2";
			};
			name = Debug;
		};
		67A15D1928B70C29002EE942 /* Release */ = {
			isa = XCBuildConfiguration;
			buildSettings = {
				ASSETCATALOG_COMPILER_APPICON_NAME = AppIcon;
				ASSETCATALOG_COMPILER_GLOBAL_ACCENT_COLOR_NAME = AccentColor;
				CODE_SIGN_STYLE = Automatic;
				CURRENT_PROJECT_VERSION = 1;
				DEVELOPMENT_ASSET_PATHS = "\"4InLine/Preview Content\"";
				DEVELOPMENT_TEAM = 495737228M;
				ENABLE_PREVIEWS = YES;
				GENERATE_INFOPLIST_FILE = YES;
				INFOPLIST_KEY_UIApplicationSceneManifest_Generation = YES;
				INFOPLIST_KEY_UIApplicationSupportsIndirectInputEvents = YES;
				INFOPLIST_KEY_UILaunchScreen_Generation = YES;
				INFOPLIST_KEY_UISupportedInterfaceOrientations_iPad = "UIInterfaceOrientationPortrait UIInterfaceOrientationPortraitUpsideDown UIInterfaceOrientationLandscapeLeft UIInterfaceOrientationLandscapeRight";
				INFOPLIST_KEY_UISupportedInterfaceOrientations_iPhone = "UIInterfaceOrientationPortrait UIInterfaceOrientationLandscapeLeft UIInterfaceOrientationLandscapeRight";
				LD_RUNPATH_SEARCH_PATHS = (
					"$(inherited)",
					"@executable_path/Frameworks",
				);
				MARKETING_VERSION = 1.0;
				PRODUCT_BUNDLE_IDENTIFIER = "emmanuel.zambrano.-InLine";
				PRODUCT_NAME = "$(TARGET_NAME)";
				SWIFT_EMIT_LOC_STRINGS = YES;
				SWIFT_VERSION = 5.0;
				TARGETED_DEVICE_FAMILY = "1,2";
			};
			name = Release;
		};
		67A15D1B28B70C29002EE942 /* Debug */ = {
			isa = XCBuildConfiguration;
			buildSettings = {
				ALWAYS_EMBED_SWIFT_STANDARD_LIBRARIES = YES;
				BUNDLE_LOADER = "$(TEST_HOST)";
				CODE_SIGN_STYLE = Automatic;
				CURRENT_PROJECT_VERSION = 1;
				DEVELOPMENT_TEAM = 495737228M;
				GENERATE_INFOPLIST_FILE = YES;
				IPHONEOS_DEPLOYMENT_TARGET = 15.5;
				MARKETING_VERSION = 1.0;
				PRODUCT_BUNDLE_IDENTIFIER = "emmanuel.zambrano.-InLineTests";
				PRODUCT_NAME = "$(TARGET_NAME)";
				SWIFT_EMIT_LOC_STRINGS = NO;
				SWIFT_VERSION = 5.0;
				TARGETED_DEVICE_FAMILY = "1,2";
				TEST_HOST = "$(BUILT_PRODUCTS_DIR)/4InLine.app/4InLine";
			};
			name = Debug;
		};
		67A15D1C28B70C29002EE942 /* Release */ = {
			isa = XCBuildConfiguration;
			buildSettings = {
				ALWAYS_EMBED_SWIFT_STANDARD_LIBRARIES = YES;
				BUNDLE_LOADER = "$(TEST_HOST)";
				CODE_SIGN_STYLE = Automatic;
				CURRENT_PROJECT_VERSION = 1;
				DEVELOPMENT_TEAM = 495737228M;
				GENERATE_INFOPLIST_FILE = YES;
				IPHONEOS_DEPLOYMENT_TARGET = 15.5;
				MARKETING_VERSION = 1.0;
				PRODUCT_BUNDLE_IDENTIFIER = "emmanuel.zambrano.-InLineTests";
				PRODUCT_NAME = "$(TARGET_NAME)";
				SWIFT_EMIT_LOC_STRINGS = NO;
				SWIFT_VERSION = 5.0;
				TARGETED_DEVICE_FAMILY = "1,2";
				TEST_HOST = "$(BUILT_PRODUCTS_DIR)/4InLine.app/4InLine";
			};
			name = Release;
		};
		67A15D1E28B70C29002EE942 /* Debug */ = {
			isa = XCBuildConfiguration;
			buildSettings = {
				ALWAYS_EMBED_SWIFT_STANDARD_LIBRARIES = YES;
				CODE_SIGN_STYLE = Automatic;
				CURRENT_PROJECT_VERSION = 1;
				DEVELOPMENT_TEAM = 495737228M;
				GENERATE_INFOPLIST_FILE = YES;
				MARKETING_VERSION = 1.0;
				PRODUCT_BUNDLE_IDENTIFIER = "emmanuel.zambrano.-InLineUITests";
				PRODUCT_NAME = "$(TARGET_NAME)";
				SWIFT_EMIT_LOC_STRINGS = NO;
				SWIFT_VERSION = 5.0;
				TARGETED_DEVICE_FAMILY = "1,2";
				TEST_TARGET_NAME = 4InLine;
			};
			name = Debug;
		};
		67A15D1F28B70C29002EE942 /* Release */ = {
			isa = XCBuildConfiguration;
			buildSettings = {
				ALWAYS_EMBED_SWIFT_STANDARD_LIBRARIES = YES;
				CODE_SIGN_STYLE = Automatic;
				CURRENT_PROJECT_VERSION = 1;
				DEVELOPMENT_TEAM = 495737228M;
				GENERATE_INFOPLIST_FILE = YES;
				MARKETING_VERSION = 1.0;
				PRODUCT_BUNDLE_IDENTIFIER = "emmanuel.zambrano.-InLineUITests";
				PRODUCT_NAME = "$(TARGET_NAME)";
				SWIFT_EMIT_LOC_STRINGS = NO;
				SWIFT_VERSION = 5.0;
				TARGETED_DEVICE_FAMILY = "1,2";
				TEST_TARGET_NAME = 4InLine;
			};
			name = Release;
		};
/* End XCBuildConfiguration section */

/* Begin XCConfigurationList section */
		67A15CEE28B70C28002EE942 /* Build configuration list for PBXProject "4InLine" */ = {
			isa = XCConfigurationList;
			buildConfigurations = (
				67A15D1528B70C29002EE942 /* Debug */,
				67A15D1628B70C29002EE942 /* Release */,
			);
			defaultConfigurationIsVisible = 0;
			defaultConfigurationName = Release;
		};
		67A15D1728B70C29002EE942 /* Build configuration list for PBXNativeTarget "4InLine" */ = {
			isa = XCConfigurationList;
			buildConfigurations = (
				67A15D1828B70C29002EE942 /* Debug */,
				67A15D1928B70C29002EE942 /* Release */,
			);
			defaultConfigurationIsVisible = 0;
			defaultConfigurationName = Release;
		};
		67A15D1A28B70C29002EE942 /* Build configuration list for PBXNativeTarget "4InLineTests" */ = {
			isa = XCConfigurationList;
			buildConfigurations = (
				67A15D1B28B70C29002EE942 /* Debug */,
				67A15D1C28B70C29002EE942 /* Release */,
			);
			defaultConfigurationIsVisible = 0;
			defaultConfigurationName = Release;
		};
		67A15D1D28B70C29002EE942 /* Build configuration list for PBXNativeTarget "4InLineUITests" */ = {
			isa = XCConfigurationList;
			buildConfigurations = (
				67A15D1E28B70C29002EE942 /* Debug */,
				67A15D1F28B70C29002EE942 /* Release */,
			);
			defaultConfigurationIsVisible = 0;
			defaultConfigurationName = Release;
		};
/* End XCConfigurationList section */
	};
	rootObject = 67A15CEB28B70C28002EE942 /* Project object */;
}
